
Microsoft Visual Studio Solution File, Format Version 12.00
# Visual Studio 15
VisualStudioVersion = 15.0.28010.2048
MinimumVisualStudioVersion = 10.0.40219.1
Project("{9A19103F-16F7-4668-BE54-9A1E7A4F7556}") = "DesafioGlobalTec", "DesafioGlobalTec\DesafioGlobalTec.csproj", "{0D0C20D8-F3FF-4C5C-BEFE-5BE3BF16DDD4}"
EndProject
Global
	GlobalSection(SolutionConfigurationPlatforms) = preSolution
		Debug|Any CPU = Debug|Any CPU
		Debug|x64 = Debug|x64
		Release|Any CPU = Release|Any CPU
		Release|x64 = Release|x64
	EndGlobalSection
	GlobalSection(ProjectConfigurationPlatforms) = postSolution
		{0D0C20D8-F3FF-4C5C-BEFE-5BE3BF16DDD4}.Debug|Any CPU.ActiveCfg = Release|Any CPU
		{0D0C20D8-F3FF-4C5C-BEFE-5BE3BF16DDD4}.Debug|Any CPU.Build.0 = Release|Any CPU
		{0D0C20D8-F3FF-4C5C-BEFE-5BE3BF16DDD4}.Debug|x64.ActiveCfg = Release|x64
		{0D0C20D8-F3FF-4C5C-BEFE-5BE3BF16DDD4}.Debug|x64.Build.0 = Release|x64
		{0D0C20D8-F3FF-4C5C-BEFE-5BE3BF16DDD4}.Release|Any CPU.ActiveCfg = Release|Any CPU
		{0D0C20D8-F3FF-4C5C-BEFE-5BE3BF16DDD4}.Release|Any CPU.Build.0 = Release|Any CPU
		{0D0C20D8-F3FF-4C5C-BEFE-5BE3BF16DDD4}.Release|x64.ActiveCfg = Release|x64
		{0D0C20D8-F3FF-4C5C-BEFE-5BE3BF16DDD4}.Release|x64.Build.0 = Release|x64
	EndGlobalSection
	GlobalSection(SolutionProperties) = preSolution
		HideSolutionNode = FALSE
	EndGlobalSection
	GlobalSection(ExtensibilityGlobals) = postSolution
		SolutionGuid = {2F025EA0-661A-4743-BB30-AD667F9E03BE}
	EndGlobalSection
EndGlobal
